// !$*UTF8*$!
{
	archiveVersion = 1;
	classes = {
	};
	objectVersion = 50;
	objects = {

/* Begin PBXBuildFile section */
		DE509D46256E244800ABA99F /* RatingView3.gif in Resources */ = {isa = PBXBuildFile; fileRef = DE509D45256E244800ABA99F /* RatingView3.gif */; };
		DE509D4B256E248600ABA99F /* RatingView4.gif in Resources */ = {isa = PBXBuildFile; fileRef = DE509D4A256E248600ABA99F /* RatingView4.gif */; };
		DE509D50256E289200ABA99F /* RatingViewProtocol.swift in Sources */ = {isa = PBXBuildFile; fileRef = DE509D4F256E289200ABA99F /* RatingViewProtocol.swift */; };
		DE59513B256D90690063749C /* RatingViewTests.swift in Sources */ = {isa = PBXBuildFile; fileRef = DE59513A256D90690063749C /* RatingViewTests.swift */; };
		DE59513D256D90690063749C /* RatingView.h in Headers */ = {isa = PBXBuildFile; fileRef = DE59512F256D90690063749C /* RatingView.h */; settings = {ATTRIBUTES = (Public, ); }; };
		DE59514D256D93900063749C /* RatingView.swift in Sources */ = {isa = PBXBuildFile; fileRef = DE59514C256D93900063749C /* RatingView.swift */; };
		DE595159256D94B90063749C /* StarView.swift in Sources */ = {isa = PBXBuildFile; fileRef = DE595158256D94B90063749C /* StarView.swift */; };
		DE5951AA256D980E0063749C /* AppDelegate.swift in Sources */ = {isa = PBXBuildFile; fileRef = DE5951A9256D980E0063749C /* AppDelegate.swift */; };
		DE5951AC256D980E0063749C /* SceneDelegate.swift in Sources */ = {isa = PBXBuildFile; fileRef = DE5951AB256D980E0063749C /* SceneDelegate.swift */; };
		DE5951AE256D980E0063749C /* ViewController.swift in Sources */ = {isa = PBXBuildFile; fileRef = DE5951AD256D980E0063749C /* ViewController.swift */; };
		DE5951B1256D980E0063749C /* Main.storyboard in Resources */ = {isa = PBXBuildFile; fileRef = DE5951AF256D980E0063749C /* Main.storyboard */; };
		DE5951B3256D98100063749C /* Assets.xcassets in Resources */ = {isa = PBXBuildFile; fileRef = DE5951B2256D98100063749C /* Assets.xcassets */; };
		DE5951B6256D98100063749C /* LaunchScreen.storyboard in Resources */ = {isa = PBXBuildFile; fileRef = DE5951B4256D98100063749C /* LaunchScreen.storyboard */; };
		DE5951C6256D98D60063749C /* RatingView.framework in Frameworks */ = {isa = PBXBuildFile; fileRef = DE59512C256D90690063749C /* RatingView.framework */; };
		DE5951E8256E20E70063749C /* RatingView1.gif in Resources */ = {isa = PBXBuildFile; fileRef = DE5951E7256E20E70063749C /* RatingView1.gif */; };
		DE5951EE256E21AA0063749C /* RatingView2.gif in Resources */ = {isa = PBXBuildFile; fileRef = DE5951EC256E21AA0063749C /* RatingView2.gif */; };
/* End PBXBuildFile section */

/* Begin PBXContainerItemProxy section */
		DE595137256D90690063749C /* PBXContainerItemProxy */ = {
			isa = PBXContainerItemProxy;
			containerPortal = DE595123256D90690063749C /* Project object */;
			proxyType = 1;
			remoteGlobalIDString = DE59512B256D90690063749C;
			remoteInfo = RatingView;
		};
/* End PBXContainerItemProxy section */

/* Begin PBXFileReference section */
		DE509D45256E244800ABA99F /* RatingView3.gif */ = {isa = PBXFileReference; lastKnownFileType = image.gif; path = RatingView3.gif; sourceTree = "<group>"; };
		DE509D4A256E248600ABA99F /* RatingView4.gif */ = {isa = PBXFileReference; lastKnownFileType = image.gif; path = RatingView4.gif; sourceTree = "<group>"; };
		DE509D4F256E289200ABA99F /* RatingViewProtocol.swift */ = {isa = PBXFileReference; lastKnownFileType = sourcecode.swift; path = RatingViewProtocol.swift; sourceTree = "<group>"; };
		DE59512C256D90690063749C /* RatingView.framework */ = {isa = PBXFileReference; explicitFileType = wrapper.framework; includeInIndex = 0; path = RatingView.framework; sourceTree = BUILT_PRODUCTS_DIR; };
		DE59512F256D90690063749C /* RatingView.h */ = {isa = PBXFileReference; lastKnownFileType = sourcecode.c.h; path = RatingView.h; sourceTree = "<group>"; };
		DE595130256D90690063749C /* Info.plist */ = {isa = PBXFileReference; lastKnownFileType = text.plist.xml; path = Info.plist; sourceTree = "<group>"; };
		DE595135256D90690063749C /* RatingViewTests.xctest */ = {isa = PBXFileReference; explicitFileType = wrapper.cfbundle; includeInIndex = 0; path = RatingViewTests.xctest; sourceTree = BUILT_PRODUCTS_DIR; };
		DE59513A256D90690063749C /* RatingViewTests.swift */ = {isa = PBXFileReference; lastKnownFileType = sourcecode.swift; path = RatingViewTests.swift; sourceTree = "<group>"; };
		DE59513C256D90690063749C /* Info.plist */ = {isa = PBXFileReference; lastKnownFileType = text.plist.xml; path = Info.plist; sourceTree = "<group>"; };
		DE59514C256D93900063749C /* RatingView.swift */ = {isa = PBXFileReference; lastKnownFileType = sourcecode.swift; path = RatingView.swift; sourceTree = "<group>"; };
		DE595158256D94B90063749C /* StarView.swift */ = {isa = PBXFileReference; lastKnownFileType = sourcecode.swift; path = StarView.swift; sourceTree = "<group>"; };
		DE5951A7256D980E0063749C /* RatingViewExamples.app */ = {isa = PBXFileReference; explicitFileType = wrapper.application; includeInIndex = 0; path = RatingViewExamples.app; sourceTree = BUILT_PRODUCTS_DIR; };
		DE5951A9256D980E0063749C /* AppDelegate.swift */ = {isa = PBXFileReference; lastKnownFileType = sourcecode.swift; path = AppDelegate.swift; sourceTree = "<group>"; };
		DE5951AB256D980E0063749C /* SceneDelegate.swift */ = {isa = PBXFileReference; lastKnownFileType = sourcecode.swift; path = SceneDelegate.swift; sourceTree = "<group>"; };
		DE5951AD256D980E0063749C /* ViewController.swift */ = {isa = PBXFileReference; lastKnownFileType = sourcecode.swift; path = ViewController.swift; sourceTree = "<group>"; };
		DE5951B0256D980E0063749C /* Base */ = {isa = PBXFileReference; lastKnownFileType = file.storyboard; name = Base; path = Base.lproj/Main.storyboard; sourceTree = "<group>"; };
		DE5951B2256D98100063749C /* Assets.xcassets */ = {isa = PBXFileReference; lastKnownFileType = folder.assetcatalog; path = Assets.xcassets; sourceTree = "<group>"; };
		DE5951B5256D98100063749C /* Base */ = {isa = PBXFileReference; lastKnownFileType = file.storyboard; name = Base; path = Base.lproj/LaunchScreen.storyboard; sourceTree = "<group>"; };
		DE5951B7256D98100063749C /* Info.plist */ = {isa = PBXFileReference; lastKnownFileType = text.plist.xml; path = Info.plist; sourceTree = "<group>"; };
		DE5951E7256E20E70063749C /* RatingView1.gif */ = {isa = PBXFileReference; lastKnownFileType = image.gif; path = RatingView1.gif; sourceTree = "<group>"; };
		DE5951EC256E21AA0063749C /* RatingView2.gif */ = {isa = PBXFileReference; lastKnownFileType = image.gif; path = RatingView2.gif; sourceTree = "<group>"; };
/* End PBXFileReference section */

/* Begin PBXFrameworksBuildPhase section */
		DE595129256D90690063749C /* Frameworks */ = {
			isa = PBXFrameworksBuildPhase;
			buildActionMask = 2147483647;
			files = (
			);
			runOnlyForDeploymentPostprocessing = 0;
		};
		DE595132256D90690063749C /* Frameworks */ = {
			isa = PBXFrameworksBuildPhase;
			buildActionMask = 2147483647;
			files = (
				DE5951C6256D98D60063749C /* RatingView.framework in Frameworks */,
			);
			runOnlyForDeploymentPostprocessing = 0;
		};
		DE5951A4256D980E0063749C /* Frameworks */ = {
			isa = PBXFrameworksBuildPhase;
			buildActionMask = 2147483647;
			files = (
			);
			runOnlyForDeploymentPostprocessing = 0;
		};
/* End PBXFrameworksBuildPhase section */

/* Begin PBXGroup section */
		DE595122256D90690063749C = {
			isa = PBXGroup;
			children = (
				DE59512E256D90690063749C /* RatingView */,
				DE595139256D90690063749C /* RatingViewTests */,
				DE5951A8256D980E0063749C /* RatingViewExamples */,
				DE59512D256D90690063749C /* Products */,
			);
			sourceTree = "<group>";
		};
		DE59512D256D90690063749C /* Products */ = {
			isa = PBXGroup;
			children = (
				DE59512C256D90690063749C /* RatingView.framework */,
				DE595135256D90690063749C /* RatingViewTests.xctest */,
				DE5951A7256D980E0063749C /* RatingViewExamples.app */,
			);
			name = Products;
			sourceTree = "<group>";
		};
		DE59512E256D90690063749C /* RatingView */ = {
			isa = PBXGroup;
			children = (
				DE509D4F256E289200ABA99F /* RatingViewProtocol.swift */,
				DE595158256D94B90063749C /* StarView.swift */,
				DE59514C256D93900063749C /* RatingView.swift */,
				DE59512F256D90690063749C /* RatingView.h */,
				DE595130256D90690063749C /* Info.plist */,
			);
			path = RatingView;
			sourceTree = "<group>";
		};
		DE595139256D90690063749C /* RatingViewTests */ = {
			isa = PBXGroup;
			children = (
				DE59513A256D90690063749C /* RatingViewTests.swift */,
				DE59513C256D90690063749C /* Info.plist */,
			);
			path = RatingViewTests;
			sourceTree = "<group>";
		};
		DE5951A8256D980E0063749C /* RatingViewExamples */ = {
			isa = PBXGroup;
			children = (
				DE5951DA256E18650063749C /* Gifs */,
				DE5951A9256D980E0063749C /* AppDelegate.swift */,
				DE5951AB256D980E0063749C /* SceneDelegate.swift */,
				DE5951AD256D980E0063749C /* ViewController.swift */,
				DE5951AF256D980E0063749C /* Main.storyboard */,
				DE5951B2256D98100063749C /* Assets.xcassets */,
				DE5951B4256D98100063749C /* LaunchScreen.storyboard */,
				DE5951B7256D98100063749C /* Info.plist */,
			);
			path = RatingViewExamples;
			sourceTree = "<group>";
		};
		DE5951DA256E18650063749C /* Gifs */ = {
			isa = PBXGroup;
			children = (
				DE5951E7256E20E70063749C /* RatingView1.gif */,
				DE5951EC256E21AA0063749C /* RatingView2.gif */,
				DE509D45256E244800ABA99F /* RatingView3.gif */,
				DE509D4A256E248600ABA99F /* RatingView4.gif */,
			);
			path = Gifs;
			sourceTree = "<group>";
		};
/* End PBXGroup section */

/* Begin PBXHeadersBuildPhase section */
		DE595127256D90690063749C /* Headers */ = {
			isa = PBXHeadersBuildPhase;
			buildActionMask = 2147483647;
			files = (
				DE59513D256D90690063749C /* RatingView.h in Headers */,
			);
			runOnlyForDeploymentPostprocessing = 0;
		};
/* End PBXHeadersBuildPhase section */

/* Begin PBXNativeTarget section */
		DE59512B256D90690063749C /* RatingView */ = {
			isa = PBXNativeTarget;
			buildConfigurationList = DE595140256D90690063749C /* Build configuration list for PBXNativeTarget "RatingView" */;
			buildPhases = (
				DE595127256D90690063749C /* Headers */,
				DE595128256D90690063749C /* Sources */,
				DE595129256D90690063749C /* Frameworks */,
				DE59512A256D90690063749C /* Resources */,
			);
			buildRules = (
			);
			dependencies = (
			);
			name = RatingView;
			productName = RatingView;
			productReference = DE59512C256D90690063749C /* RatingView.framework */;
			productType = "com.apple.product-type.framework";
		};
		DE595134256D90690063749C /* RatingViewTests */ = {
			isa = PBXNativeTarget;
			buildConfigurationList = DE595143256D90690063749C /* Build configuration list for PBXNativeTarget "RatingViewTests" */;
			buildPhases = (
				DE595131256D90690063749C /* Sources */,
				DE595132256D90690063749C /* Frameworks */,
				DE595133256D90690063749C /* Resources */,
			);
			buildRules = (
			);
			dependencies = (
				DE595138256D90690063749C /* PBXTargetDependency */,
			);
			name = RatingViewTests;
			productName = RatingViewTests;
			productReference = DE595135256D90690063749C /* RatingViewTests.xctest */;
			productType = "com.apple.product-type.bundle.unit-test";
		};
		DE5951A6256D980E0063749C /* RatingViewExamples */ = {
			isa = PBXNativeTarget;
			buildConfigurationList = DE5951BA256D98100063749C /* Build configuration list for PBXNativeTarget "RatingViewExamples" */;
			buildPhases = (
				DE5951A3256D980E0063749C /* Sources */,
				DE5951A4256D980E0063749C /* Frameworks */,
				DE5951A5256D980E0063749C /* Resources */,
			);
			buildRules = (
			);
			dependencies = (
			);
			name = RatingViewExamples;
			productName = RatingViewExamples;
			productReference = DE5951A7256D980E0063749C /* RatingViewExamples.app */;
			productType = "com.apple.product-type.application";
		};
/* End PBXNativeTarget section */

/* Begin PBXProject section */
		DE595123256D90690063749C /* Project object */ = {
			isa = PBXProject;
			attributes = {
				LastSwiftUpdateCheck = 1200;
				LastUpgradeCheck = 1200;
				TargetAttributes = {
					DE59512B256D90690063749C = {
						CreatedOnToolsVersion = 12.0;
						LastSwiftMigration = 1200;
					};
					DE595134256D90690063749C = {
						CreatedOnToolsVersion = 12.0;
					};
					DE5951A6256D980E0063749C = {
						CreatedOnToolsVersion = 12.0;
					};
				};
			};
			buildConfigurationList = DE595126256D90690063749C /* Build configuration list for PBXProject "RatingView" */;
			compatibilityVersion = "Xcode 9.3";
			developmentRegion = en;
			hasScannedForEncodings = 0;
			knownRegions = (
				en,
				Base,
			);
			mainGroup = DE595122256D90690063749C;
			productRefGroup = DE59512D256D90690063749C /* Products */;
			projectDirPath = "";
			projectRoot = "";
			targets = (
				DE59512B256D90690063749C /* RatingView */,
				DE595134256D90690063749C /* RatingViewTests */,
				DE5951A6256D980E0063749C /* RatingViewExamples */,
			);
		};
/* End PBXProject section */

/* Begin PBXResourcesBuildPhase section */
		DE59512A256D90690063749C /* Resources */ = {
			isa = PBXResourcesBuildPhase;
			buildActionMask = 2147483647;
			files = (
			);
			runOnlyForDeploymentPostprocessing = 0;
		};
		DE595133256D90690063749C /* Resources */ = {
			isa = PBXResourcesBuildPhase;
			buildActionMask = 2147483647;
			files = (
			);
			runOnlyForDeploymentPostprocessing = 0;
		};
		DE5951A5256D980E0063749C /* Resources */ = {
			isa = PBXResourcesBuildPhase;
			buildActionMask = 2147483647;
			files = (
				DE5951EE256E21AA0063749C /* RatingView2.gif in Resources */,
				DE5951E8256E20E70063749C /* RatingView1.gif in Resources */,
				DE5951B6256D98100063749C /* LaunchScreen.storyboard in Resources */,
				DE5951B3256D98100063749C /* Assets.xcassets in Resources */,
				DE509D4B256E248600ABA99F /* RatingView4.gif in Resources */,
				DE509D46256E244800ABA99F /* RatingView3.gif in Resources */,
				DE5951B1256D980E0063749C /* Main.storyboard in Resources */,
			);
			runOnlyForDeploymentPostprocessing = 0;
		};
/* End PBXResourcesBuildPhase section */

/* Begin PBXSourcesBuildPhase section */
		DE595128256D90690063749C /* Sources */ = {
			isa = PBXSourcesBuildPhase;
			buildActionMask = 2147483647;
			files = (
				DE595159256D94B90063749C /* StarView.swift in Sources */,
				DE509D50256E289200ABA99F /* RatingViewProtocol.swift in Sources */,
				DE59514D256D93900063749C /* RatingView.swift in Sources */,
			);
			runOnlyForDeploymentPostprocessing = 0;
		};
		DE595131256D90690063749C /* Sources */ = {
			isa = PBXSourcesBuildPhase;
			buildActionMask = 2147483647;
			files = (
				DE59513B256D90690063749C /* RatingViewTests.swift in Sources */,
			);
			runOnlyForDeploymentPostprocessing = 0;
		};
		DE5951A3256D980E0063749C /* Sources */ = {
			isa = PBXSourcesBuildPhase;
			buildActionMask = 2147483647;
			files = (
				DE5951AE256D980E0063749C /* ViewController.swift in Sources */,
				DE5951AA256D980E0063749C /* AppDelegate.swift in Sources */,
				DE5951AC256D980E0063749C /* SceneDelegate.swift in Sources */,
			);
			runOnlyForDeploymentPostprocessing = 0;
		};
/* End PBXSourcesBuildPhase section */

/* Begin PBXTargetDependency section */
		DE595138256D90690063749C /* PBXTargetDependency */ = {
			isa = PBXTargetDependency;
			target = DE59512B256D90690063749C /* RatingView */;
			targetProxy = DE595137256D90690063749C /* PBXContainerItemProxy */;
		};
/* End PBXTargetDependency section */

/* Begin PBXVariantGroup section */
		DE5951AF256D980E0063749C /* Main.storyboard */ = {
			isa = PBXVariantGroup;
			children = (
				DE5951B0256D980E0063749C /* Base */,
			);
			name = Main.storyboard;
			sourceTree = "<group>";
		};
		DE5951B4256D98100063749C /* LaunchScreen.storyboard */ = {
			isa = PBXVariantGroup;
			children = (
				DE5951B5256D98100063749C /* Base */,
			);
			name = LaunchScreen.storyboard;
			sourceTree = "<group>";
		};
/* End PBXVariantGroup section */

/* Begin XCBuildConfiguration section */
		DE59513E256D90690063749C /* Debug */ = {
			isa = XCBuildConfiguration;
			buildSettings = {
				ALWAYS_SEARCH_USER_PATHS = NO;
				CLANG_ANALYZER_NONNULL = YES;
				CLANG_ANALYZER_NUMBER_OBJECT_CONVERSION = YES_AGGRESSIVE;
				CLANG_CXX_LANGUAGE_STANDARD = "gnu++14";
				CLANG_CXX_LIBRARY = "libc++";
				CLANG_ENABLE_MODULES = YES;
				CLANG_ENABLE_OBJC_ARC = YES;
				CLANG_ENABLE_OBJC_WEAK = YES;
				CLANG_WARN_BLOCK_CAPTURE_AUTORELEASING = YES;
				CLANG_WARN_BOOL_CONVERSION = YES;
				CLANG_WARN_COMMA = YES;
				CLANG_WARN_CONSTANT_CONVERSION = YES;
				CLANG_WARN_DEPRECATED_OBJC_IMPLEMENTATIONS = YES;
				CLANG_WARN_DIRECT_OBJC_ISA_USAGE = YES_ERROR;
				CLANG_WARN_DOCUMENTATION_COMMENTS = YES;
				CLANG_WARN_EMPTY_BODY = YES;
				CLANG_WARN_ENUM_CONVERSION = YES;
				CLANG_WARN_INFINITE_RECURSION = YES;
				CLANG_WARN_INT_CONVERSION = YES;
				CLANG_WARN_NON_LITERAL_NULL_CONVERSION = YES;
				CLANG_WARN_OBJC_IMPLICIT_RETAIN_SELF = YES;
				CLANG_WARN_OBJC_LITERAL_CONVERSION = YES;
				CLANG_WARN_OBJC_ROOT_CLASS = YES_ERROR;
				CLANG_WARN_QUOTED_INCLUDE_IN_FRAMEWORK_HEADER = YES;
				CLANG_WARN_RANGE_LOOP_ANALYSIS = YES;
				CLANG_WARN_STRICT_PROTOTYPES = YES;
				CLANG_WARN_SUSPICIOUS_MOVE = YES;
				CLANG_WARN_UNGUARDED_AVAILABILITY = YES_AGGRESSIVE;
				CLANG_WARN_UNREACHABLE_CODE = YES;
				CLANG_WARN__DUPLICATE_METHOD_MATCH = YES;
				COPY_PHASE_STRIP = NO;
				CURRENT_PROJECT_VERSION = 1;
				DEBUG_INFORMATION_FORMAT = dwarf;
				ENABLE_STRICT_OBJC_MSGSEND = YES;
				ENABLE_TESTABILITY = YES;
				GCC_C_LANGUAGE_STANDARD = gnu11;
				GCC_DYNAMIC_NO_PIC = NO;
				GCC_NO_COMMON_BLOCKS = YES;
				GCC_OPTIMIZATION_LEVEL = 0;
				GCC_PREPROCESSOR_DEFINITIONS = (
					"DEBUG=1",
					"$(inherited)",
				);
				GCC_WARN_64_TO_32_BIT_CONVERSION = YES;
				GCC_WARN_ABOUT_RETURN_TYPE = YES_ERROR;
				GCC_WARN_UNDECLARED_SELECTOR = YES;
				GCC_WARN_UNINITIALIZED_AUTOS = YES_AGGRESSIVE;
				GCC_WARN_UNUSED_FUNCTION = YES;
				GCC_WARN_UNUSED_VARIABLE = YES;
				IPHONEOS_DEPLOYMENT_TARGET = 11.0;
				MTL_ENABLE_DEBUG_INFO = INCLUDE_SOURCE;
				MTL_FAST_MATH = YES;
				ONLY_ACTIVE_ARCH = YES;
				SDKROOT = iphoneos;
				SWIFT_ACTIVE_COMPILATION_CONDITIONS = DEBUG;
				SWIFT_OPTIMIZATION_LEVEL = "-Onone";
				VERSIONING_SYSTEM = "apple-generic";
				VERSION_INFO_PREFIX = "";
			};
			name = Debug;
		};
		DE59513F256D90690063749C /* Release */ = {
			isa = XCBuildConfiguration;
			buildSettings = {
				ALWAYS_SEARCH_USER_PATHS = NO;
				CLANG_ANALYZER_NONNULL = YES;
				CLANG_ANALYZER_NUMBER_OBJECT_CONVERSION = YES_AGGRESSIVE;
				CLANG_CXX_LANGUAGE_STANDARD = "gnu++14";
				CLANG_CXX_LIBRARY = "libc++";
				CLANG_ENABLE_MODULES = YES;
				CLANG_ENABLE_OBJC_ARC = YES;
				CLANG_ENABLE_OBJC_WEAK = YES;
				CLANG_WARN_BLOCK_CAPTURE_AUTORELEASING = YES;
				CLANG_WARN_BOOL_CONVERSION = YES;
				CLANG_WARN_COMMA = YES;
				CLANG_WARN_CONSTANT_CONVERSION = YES;
				CLANG_WARN_DEPRECATED_OBJC_IMPLEMENTATIONS = YES;
				CLANG_WARN_DIRECT_OBJC_ISA_USAGE = YES_ERROR;
				CLANG_WARN_DOCUMENTATION_COMMENTS = YES;
				CLANG_WARN_EMPTY_BODY = YES;
				CLANG_WARN_ENUM_CONVERSION = YES;
				CLANG_WARN_INFINITE_RECURSION = YES;
				CLANG_WARN_INT_CONVERSION = YES;
				CLANG_WARN_NON_LITERAL_NULL_CONVERSION = YES;
				CLANG_WARN_OBJC_IMPLICIT_RETAIN_SELF = YES;
				CLANG_WARN_OBJC_LITERAL_CONVERSION = YES;
				CLANG_WARN_OBJC_ROOT_CLASS = YES_ERROR;
				CLANG_WARN_QUOTED_INCLUDE_IN_FRAMEWORK_HEADER = YES;
				CLANG_WARN_RANGE_LOOP_ANALYSIS = YES;
				CLANG_WARN_STRICT_PROTOTYPES = YES;
				CLANG_WARN_SUSPICIOUS_MOVE = YES;
				CLANG_WARN_UNGUARDED_AVAILABILITY = YES_AGGRESSIVE;
				CLANG_WARN_UNREACHABLE_CODE = YES;
				CLANG_WARN__DUPLICATE_METHOD_MATCH = YES;
				COPY_PHASE_STRIP = NO;
				CURRENT_PROJECT_VERSION = 1;
				DEBUG_INFORMATION_FORMAT = "dwarf-with-dsym";
				ENABLE_NS_ASSERTIONS = NO;
				ENABLE_STRICT_OBJC_MSGSEND = YES;
				GCC_C_LANGUAGE_STANDARD = gnu11;
				GCC_NO_COMMON_BLOCKS = YES;
				GCC_WARN_64_TO_32_BIT_CONVERSION = YES;
				GCC_WARN_ABOUT_RETURN_TYPE = YES_ERROR;
				GCC_WARN_UNDECLARED_SELECTOR = YES;
				GCC_WARN_UNINITIALIZED_AUTOS = YES_AGGRESSIVE;
				GCC_WARN_UNUSED_FUNCTION = YES;
				GCC_WARN_UNUSED_VARIABLE = YES;
				IPHONEOS_DEPLOYMENT_TARGET = 11.0;
				MTL_ENABLE_DEBUG_INFO = NO;
				MTL_FAST_MATH = YES;
				SDKROOT = iphoneos;
				SWIFT_COMPILATION_MODE = wholemodule;
				SWIFT_OPTIMIZATION_LEVEL = "-O";
				VALIDATE_PRODUCT = YES;
				VERSIONING_SYSTEM = "apple-generic";
				VERSION_INFO_PREFIX = "";
			};
			name = Release;
		};
		DE595141256D90690063749C /* Debug */ = {
			isa = XCBuildConfiguration;
			buildSettings = {
				CLANG_ENABLE_MODULES = YES;
				CODE_SIGN_STYLE = Automatic;
				DEFINES_MODULE = YES;
				DEVELOPMENT_TEAM = XR8TS36N9S;
				DYLIB_COMPATIBILITY_VERSION = 1;
				DYLIB_CURRENT_VERSION = 1;
				DYLIB_INSTALL_NAME_BASE = "@rpath";
				INFOPLIST_FILE = RatingView/Info.plist;
				INSTALL_PATH = "$(LOCAL_LIBRARY_DIR)/Frameworks";
				LD_RUNPATH_SEARCH_PATHS = (
					"$(inherited)",
					"@executable_path/Frameworks",
					"@loader_path/Frameworks",
				);
				PRODUCT_BUNDLE_IDENTIFIER = Kasthetics.RatingView;
				PRODUCT_NAME = "$(TARGET_NAME:c99extidentifier)";
				SKIP_INSTALL = YES;
				SWIFT_OPTIMIZATION_LEVEL = "-Onone";
				SWIFT_VERSION = 5.0;
				TARGETED_DEVICE_FAMILY = "1,2";
			};
			name = Debug;
		};
		DE595142256D90690063749C /* Release */ = {
			isa = XCBuildConfiguration;
			buildSettings = {
				CLANG_ENABLE_MODULES = YES;
				CODE_SIGN_STYLE = Automatic;
				DEFINES_MODULE = YES;
				DEVELOPMENT_TEAM = XR8TS36N9S;
				DYLIB_COMPATIBILITY_VERSION = 1;
				DYLIB_CURRENT_VERSION = 1;
				DYLIB_INSTALL_NAME_BASE = "@rpath";
				INFOPLIST_FILE = RatingView/Info.plist;
				INSTALL_PATH = "$(LOCAL_LIBRARY_DIR)/Frameworks";
				LD_RUNPATH_SEARCH_PATHS = (
					"$(inherited)",
					"@executable_path/Frameworks",
					"@loader_path/Frameworks",
				);
				PRODUCT_BUNDLE_IDENTIFIER = Kasthetics.RatingView;
				PRODUCT_NAME = "$(TARGET_NAME:c99extidentifier)";
				SKIP_INSTALL = YES;
				SWIFT_VERSION = 5.0;
				TARGETED_DEVICE_FAMILY = "1,2";
			};
			name = Release;
		};
		DE595144256D90690063749C /* Debug */ = {
			isa = XCBuildConfiguration;
			buildSettings = {
				ALWAYS_EMBED_SWIFT_STANDARD_LIBRARIES = YES;
				CODE_SIGN_STYLE = Automatic;
				DEVELOPMENT_TEAM = XR8TS36N9S;
				INFOPLIST_FILE = RatingViewTests/Info.plist;
				LD_RUNPATH_SEARCH_PATHS = (
					"$(inherited)",
					"@executable_path/Frameworks",
					"@loader_path/Frameworks",
				);
				PRODUCT_BUNDLE_IDENTIFIER = Kasthetics.RatingViewTests;
				PRODUCT_NAME = "$(TARGET_NAME)";
				SWIFT_VERSION = 5.0;
				TARGETED_DEVICE_FAMILY = "1,2";
			};
			name = Debug;
		};
		DE595145256D90690063749C /* Release */ = {
			isa = XCBuildConfiguration;
			buildSettings = {
				ALWAYS_EMBED_SWIFT_STANDARD_LIBRARIES = YES;
				CODE_SIGN_STYLE = Automatic;
				DEVELOPMENT_TEAM = XR8TS36N9S;
				INFOPLIST_FILE = RatingViewTests/Info.plist;
				LD_RUNPATH_SEARCH_PATHS = (
					"$(inherited)",
					"@executable_path/Frameworks",
					"@loader_path/Frameworks",
				);
				PRODUCT_BUNDLE_IDENTIFIER = Kasthetics.RatingViewTests;
				PRODUCT_NAME = "$(TARGET_NAME)";
				SWIFT_VERSION = 5.0;
				TARGETED_DEVICE_FAMILY = "1,2";
			};
			name = Release;
		};
		DE5951B8256D98100063749C /* Debug */ = {
			isa = XCBuildConfiguration;
			buildSettings = {
				ASSETCATALOG_COMPILER_APPICON_NAME = AppIcon;
				ASSETCATALOG_COMPILER_GLOBAL_ACCENT_COLOR_NAME = AccentColor;
				CODE_SIGN_STYLE = Automatic;
				DEVELOPMENT_TEAM = XR8TS36N9S;
				INFOPLIST_FILE = RatingViewExamples/Info.plist;
				IPHONEOS_DEPLOYMENT_TARGET = 14.0;
				LD_RUNPATH_SEARCH_PATHS = (
					"$(inherited)",
					"@executable_path/Frameworks",
				);
				PRODUCT_BUNDLE_IDENTIFIER = Kasthetics.RatingViewExamples;
				PRODUCT_NAME = "$(TARGET_NAME)";
				SWIFT_VERSION = 5.0;
				TARGETED_DEVICE_FAMILY = "1,2";
			};
			name = Debug;
		};
		DE5951B9256D98100063749C /* Release */ = {
			isa = XCBuildConfiguration;
			buildSettings = {
				ASSETCATALOG_COMPILER_APPICON_NAME = AppIcon;
				ASSETCATALOG_COMPILER_GLOBAL_ACCENT_COLOR_NAME = AccentColor;
				CODE_SIGN_STYLE = Automatic;
				DEVELOPMENT_TEAM = XR8TS36N9S;
				INFOPLIST_FILE = RatingViewExamples/Info.plist;
				IPHONEOS_DEPLOYMENT_TARGET = 14.0;
				LD_RUNPATH_SEARCH_PATHS = (
					"$(inherited)",
					"@executable_path/Frameworks",
				);
				PRODUCT_BUNDLE_IDENTIFIER = Kasthetics.RatingViewExamples;
				PRODUCT_NAME = "$(TARGET_NAME)";
				SWIFT_VERSION = 5.0;
				TARGETED_DEVICE_FAMILY = "1,2";
			};
			name = Release;
		};
/* End XCBuildConfiguration section */

/* Begin XCConfigurationList section */
		DE595126256D90690063749C /* Build configuration list for PBXProject "RatingView" */ = {
			isa = XCConfigurationList;
			buildConfigurations = (
				DE59513E256D90690063749C /* Debug */,
				DE59513F256D90690063749C /* Release */,
			);
			defaultConfigurationIsVisible = 0;
			defaultConfigurationName = Release;
		};
		DE595140256D90690063749C /* Build configuration list for PBXNativeTarget "RatingView" */ = {
			isa = XCConfigurationList;
			buildConfigurations = (
				DE595141256D90690063749C /* Debug */,
				DE595142256D90690063749C /* Release */,
			);
			defaultConfigurationIsVisible = 0;
			defaultConfigurationName = Release;
		};
		DE595143256D90690063749C /* Build configuration list for PBXNativeTarget "RatingViewTests" */ = {
			isa = XCConfigurationList;
			buildConfigurations = (
				DE595144256D90690063749C /* Debug */,
				DE595145256D90690063749C /* Release */,
			);
			defaultConfigurationIsVisible = 0;
			defaultConfigurationName = Release;
		};
		DE5951BA256D98100063749C /* Build configuration list for PBXNativeTarget "RatingViewExamples" */ = {
			isa = XCConfigurationList;
			buildConfigurations = (
				DE5951B8256D98100063749C /* Debug */,
				DE5951B9256D98100063749C /* Release */,
			);
			defaultConfigurationIsVisible = 0;
			defaultConfigurationName = Release;
		};
/* End XCConfigurationList section */
	};
	rootObject = DE595123256D90690063749C /* Project object */;
}
